
Microsoft Visual Studio Solution File, Format Version 12.00
# Visual Studio Version 17
VisualStudioVersion = 17.9.34728.123
MinimumVisualStudioVersion = 10.0.40219.1
Project("{8BC9CEB8-8B4A-11D0-8D11-00A0C91BC942}") = "0.56d", "SphereSvr.vcxproj", "{40CA07B5-BCC7-A9C8-A6E6-DEFC536EE8CB}"
EndProject
Global
	GlobalSection(SolutionConfigurationPlatforms) = preSolution
		Debug|x64 = Debug|x64
		Debug|x86 = Debug|x86
		Local|x64 = Local|x64
		Local|x86 = Local|x86
		Nightly|x64 = Nightly|x64
		Nightly|x86 = Nightly|x86
		Release|x64 = Release|x64
		Release|x86 = Release|x86
	EndGlobalSection
	GlobalSection(ProjectConfigurationPlatforms) = postSolution
		{40CA07B5-BCC7-A9C8-A6E6-DEFC536EE8CB}.Debug|x64.ActiveCfg = Release|x64
		{40CA07B5-BCC7-A9C8-A6E6-DEFC536EE8CB}.Debug|x64.Build.0 = Release|x64
		{40CA07B5-BCC7-A9C8-A6E6-DEFC536EE8CB}.Debug|x86.ActiveCfg = Debug|Win32
		{40CA07B5-BCC7-A9C8-A6E6-DEFC536EE8CB}.Debug|x86.Build.0 = Debug|Win32
		{40CA07B5-BCC7-A9C8-A6E6-DEFC536EE8CB}.Local|x64.ActiveCfg = Local|x64
		{40CA07B5-BCC7-A9C8-A6E6-DEFC536EE8CB}.Local|x64.Build.0 = Local|x64
		{40CA07B5-BCC7-A9C8-A6E6-DEFC536EE8CB}.Local|x86.ActiveCfg = Local|Win32
		{40CA07B5-BCC7-A9C8-A6E6-DEFC536EE8CB}.Local|x86.Build.0 = Local|Win32
		{40CA07B5-BCC7-A9C8-A6E6-DEFC536EE8CB}.Nightly|x64.ActiveCfg = Nightly|x64
		{40CA07B5-BCC7-A9C8-A6E6-DEFC536EE8CB}.Nightly|x64.Build.0 = Nightly|x64
		{40CA07B5-BCC7-A9C8-A6E6-DEFC536EE8CB}.Nightly|x86.ActiveCfg = Nightly|Win32
		{40CA07B5-BCC7-A9C8-A6E6-DEFC536EE8CB}.Nightly|x86.Build.0 = Nightly|Win32
		{40CA07B5-BCC7-A9C8-A6E6-DEFC536EE8CB}.Release|x64.ActiveCfg = Release|x64
		{40CA07B5-BCC7-A9C8-A6E6-DEFC536EE8CB}.Release|x64.Build.0 = Release|x64
		{40CA07B5-BCC7-A9C8-A6E6-DEFC536EE8CB}.Release|x86.ActiveCfg = Release|Win32
		{40CA07B5-BCC7-A9C8-A6E6-DEFC536EE8CB}.Release|x86.Build.0 = Release|Win32
	EndGlobalSection
	GlobalSection(SolutionProperties) = preSolution
		HideSolutionNode = FALSE
	EndGlobalSection
	GlobalSection(ExtensibilityGlobals) = postSolution
		SolutionGuid = {17DE503E-F653-4034-A214-6EB007F7661F}
	EndGlobalSection
EndGlobal
